
Microsoft Visual Studio Solution File, Format Version 12.00
# Visual Studio Version 17
VisualStudioVersion = 17.14.36518.9
MinimumVisualStudioVersion = 10.0.40219.1
Project("{FAE04EC0-301F-11D3-BF4B-00C04F79EFBC}") = "BankOfGeorgia.AggregatorEcommerceClient", "BankOfGeorgia.AggregatorEcommerceClient\BankOfGeorgia.AggregatorEcommerceClient.csproj", "{4DA774FE-09D1-4DFA-90FC-4285AE78E337}"
EndProject
Project("{FAE04EC0-301F-11D3-BF4B-00C04F79EFBC}") = "BankOfGeorgia.AggregatorEcommerceClient.Tests", "BankOfGeorgia.AggregatorEcommerceClient.Tests\BankOfGeorgia.AggregatorEcommerceClient.Tests.csproj", "{AB32517E-62F7-450E-9C6E-C7F1F2919D1A}"
EndProject
Project("{2150E333-8FDC-42A3-9474-1A3956D46DE8}") = "Solution Items", "Solution Items", "{8EC462FD-D22E-90A8-E5CE-7E832BA40C5D}"
	ProjectSection(SolutionItems) = preProject
		..\..\CLAUDE.md = ..\..\CLAUDE.md
		Directory.Build.targets = Directory.Build.targets
		..\..\README.md = ..\..\README.md
		..\..\RELEASE-NOTES.txt = ..\..\RELEASE-NOTES.txt
	EndProjectSection
EndProject
Project("{2150E333-8FDC-42A3-9474-1A3956D46DE8}") = "DevOps", "DevOps", "{02EA681E-C7D8-13C7-8484-4AC65E1B71E8}"
	ProjectSection(SolutionItems) = preProject
		..\..\.github\workflows\pull-request.yml = ..\..\.github\workflows\pull-request.yml
	EndProjectSection
EndProject
Project("{FAE04EC0-301F-11D3-BF4B-00C04F79EFBC}") = "EcommerceWebAppExample", "EcommerceWebAppExample\EcommerceWebAppExample.csproj", "{A29F1436-A04F-7818-0A0B-23CA8746D7C0}"
EndProject
Global
	GlobalSection(SolutionConfigurationPlatforms) = preSolution
		Debug|Any CPU = Debug|Any CPU
		Release|Any CPU = Release|Any CPU
	EndGlobalSection
	GlobalSection(ProjectConfigurationPlatforms) = postSolution
		{4DA774FE-09D1-4DFA-90FC-4285AE78E337}.Debug|Any CPU.ActiveCfg = Debug|Any CPU
		{4DA774FE-09D1-4DFA-90FC-4285AE78E337}.Debug|Any CPU.Build.0 = Debug|Any CPU
		{4DA774FE-09D1-4DFA-90FC-4285AE78E337}.Release|Any CPU.ActiveCfg = Release|Any CPU
		{4DA774FE-09D1-4DFA-90FC-4285AE78E337}.Release|Any CPU.Build.0 = Release|Any CPU
		{AB32517E-62F7-450E-9C6E-C7F1F2919D1A}.Debug|Any CPU.ActiveCfg = Debug|Any CPU
		{AB32517E-62F7-450E-9C6E-C7F1F2919D1A}.Debug|Any CPU.Build.0 = Debug|Any CPU
		{AB32517E-62F7-450E-9C6E-C7F1F2919D1A}.Release|Any CPU.ActiveCfg = Release|Any CPU
		{AB32517E-62F7-450E-9C6E-C7F1F2919D1A}.Release|Any CPU.Build.0 = Release|Any CPU
		{A29F1436-A04F-7818-0A0B-23CA8746D7C0}.Debug|Any CPU.ActiveCfg = Debug|Any CPU
		{A29F1436-A04F-7818-0A0B-23CA8746D7C0}.Debug|Any CPU.Build.0 = Debug|Any CPU
		{A29F1436-A04F-7818-0A0B-23CA8746D7C0}.Release|Any CPU.ActiveCfg = Release|Any CPU
		{A29F1436-A04F-7818-0A0B-23CA8746D7C0}.Release|Any CPU.Build.0 = Release|Any CPU
	EndGlobalSection
	GlobalSection(SolutionProperties) = preSolution
		HideSolutionNode = FALSE
	EndGlobalSection
	GlobalSection(ExtensibilityGlobals) = postSolution
		SolutionGuid = {59834EE1-ADF6-4355-BA1B-15FA52825AC5}
	EndGlobalSection
EndGlobal
